{
  "name": "cocktailbar2",
  "version": "1.0.0",
  "lockfileVersion": 1,
  "requires": true,
  "dependencies": {
    "@types/bson": {
      "version": "4.0.2",
      "resolved": "https://registry.npmjs.org/@types/bson/-/bson-4.0.2.tgz",
      "integrity": "sha512-+uWmsejEHfmSjyyM/LkrP0orfE2m5Mx9Xel4tXNeqi1ldK5XMQcDsFkBmLDtuyKUbxj2jGDo0H240fbCRJZo7Q==",
      "requires": {
        "@types/node": "*"
      }
    },
    "@types/mongodb": {
      "version": "3.5.27",
      "resolved": "https://registry.npmjs.org/@types/mongodb/-/mongodb-3.5.27.tgz",
      "integrity": "sha512-1jxKDgdfJEOO9zp+lv43p8jOqRs02xPrdUTzAZIVK9tVEySfCEmktL2jEu9A3wOBEOs18yKzpVIKUh8b8ALk3w==",
      "requires": {
        "@types/bson": "*",
        "@types/node": "*"
      }
    },
    "@types/node": {
      "version": "14.10.2",
      "resolved": "https://registry.npmjs.org/@types/node/-/node-14.10.2.tgz",
      "integrity": "sha512-IzMhbDYCpv26pC2wboJ4MMOa9GKtjplXfcAqrMeNJpUUwpM/2ATt2w1JPUXwS6spu856TvKZL2AOmeU2rAxskw=="
    },
    "mogodb": {
      "version": "0.0.1-security",
      "resolved": "https://registry.npmjs.org/mogodb/-/mogodb-0.0.1-security.tgz",
      "integrity": "sha512-aRrvmRNhrmjOwPAhKI7pWiwHKna8U9BLpruj+dlwocwRrhJXoJ9CNThcVlphh7c4nQiPU0Wj6QsJYLUCS+7Glw=="
    }
  }
}
